
Microsoft Visual Studio Solution File, Format Version 12.00
# Visual Studio Version 16
VisualStudioVersion = 16.0.31624.102
MinimumVisualStudioVersion = 10.0.40219.1
Project("{2150E333-8FDC-42A3-9474-1A3956D46DE8}") = "src", "src", "{23D29061-28C0-4BA0-AB8D-CEAA1A749DA1}"
EndProject
Project("{2150E333-8FDC-42A3-9474-1A3956D46DE8}") = "Building Blocks", "Building Blocks", "{A74F2B4C-D3D5-4160-A9EE-54A252076EC5}"
EndProject
Project("{2150E333-8FDC-42A3-9474-1A3956D46DE8}") = "Services", "Services", "{1D9EA038-38A7-4D1B-8299-5E5D812F9021}"
EndProject
Project("{2150E333-8FDC-42A3-9474-1A3956D46DE8}") = "Web", "Web", "{911C2C26-FCB7-494D-9112-B743CCCB2560}"
EndProject
Project("{2150E333-8FDC-42A3-9474-1A3956D46DE8}") = "Identidade", "Identidade", "{83CD35ED-95E9-4A49-9007-99CAD49ADD95}"
EndProject
Project("{FAE04EC0-301F-11D3-BF4B-00C04F79EFBC}") = "NSE.Identidade.API", "src\services\NSE.Identidade.API\NSE.Identidade.API.csproj", "{5B3ADB73-6D18-43E9-A3B3-0FC779DE7265}"
EndProject
Project("{2150E333-8FDC-42A3-9474-1A3956D46DE8}") = "MVC", "MVC", "{657FE758-7678-4473-BD7F-F30826555C4F}"
EndProject
Project("{FAE04EC0-301F-11D3-BF4B-00C04F79EFBC}") = "NSE.WebApp.MVC", "src\web\NSE.WebApp.MVC\NSE.WebApp.MVC.csproj", "{903577B4-E821-4BEF-8C91-355620B03FEA}"
EndProject
Project("{2150E333-8FDC-42A3-9474-1A3956D46DE8}") = "Core", "Core", "{8BC5E63B-C95F-4C6A-81FC-8A7D7FB24187}"
EndProject
Project("{FAE04EC0-301F-11D3-BF4B-00C04F79EFBC}") = "NSE.Core", "src\building blocks\NSE.Core\NSE.Core.csproj", "{B3718FF5-60CD-4685-B306-D6ABD738FFCE}"
EndProject
Project("{2150E333-8FDC-42A3-9474-1A3956D46DE8}") = "Carrinho", "Carrinho", "{5903D18A-5D6B-4CA4-AE04-3B2B8F3F33E5}"
EndProject
Project("{2150E333-8FDC-42A3-9474-1A3956D46DE8}") = "Catalogo", "Catalogo", "{3146B470-BA58-4B0E-B22C-CF80BD43201D}"
EndProject
Project("{2150E333-8FDC-42A3-9474-1A3956D46DE8}") = "Cliente", "Cliente", "{49E6B031-5E8F-4F70-9BAE-4D2EC25D1D2A}"
EndProject
Project("{2150E333-8FDC-42A3-9474-1A3956D46DE8}") = "Pagamento", "Pagamento", "{7D4556FF-9F13-4892-8E9B-82269379A133}"
EndProject
Project("{2150E333-8FDC-42A3-9474-1A3956D46DE8}") = "Pedido", "Pedido", "{F16AB71C-79AA-48B3-A407-521861586FD8}"
EndProject
Project("{FAE04EC0-301F-11D3-BF4B-00C04F79EFBC}") = "NSE.Carrinho.API", "src\services\NSE.Carrinho.API\NSE.Carrinho.API.csproj", "{7158AE35-E494-4B4B-8829-DD6ADBF19D16}"
EndProject
Project("{FAE04EC0-301F-11D3-BF4B-00C04F79EFBC}") = "NSE.Catalogo.API", "src\services\NSE.Catalogo.API\NSE.Catalogo.API.csproj", "{1CD42F98-E052-499C-A2A6-5EC889D30499}"
EndProject
Project("{FAE04EC0-301F-11D3-BF4B-00C04F79EFBC}") = "NSE.Cliente.API", "src\services\NSE.Cliente.API\NSE.Cliente.API.csproj", "{1D25EA04-A184-4A89-9D9D-4E084F9153D1}"
EndProject
Project("{FAE04EC0-301F-11D3-BF4B-00C04F79EFBC}") = "NSE.Pagamento.API", "src\services\NSE.Pagamento.API\NSE.Pagamento.API.csproj", "{09ACA8EF-E70C-47A9-8E0B-797093783DA4}"
EndProject
Project("{FAE04EC0-301F-11D3-BF4B-00C04F79EFBC}") = "NSE.Pedido.API", "src\services\NSE.Pedido.API\NSE.Pedido.API.csproj", "{06522A5A-F6DC-4AE0-8D8A-6ACED4B4E541}"
EndProject
Global
	GlobalSection(SolutionConfigurationPlatforms) = preSolution
		Debug|Any CPU = Debug|Any CPU
		Release|Any CPU = Release|Any CPU
	EndGlobalSection
	GlobalSection(ProjectConfigurationPlatforms) = postSolution
		{5B3ADB73-6D18-43E9-A3B3-0FC779DE7265}.Debug|Any CPU.ActiveCfg = Debug|Any CPU
		{5B3ADB73-6D18-43E9-A3B3-0FC779DE7265}.Debug|Any CPU.Build.0 = Debug|Any CPU
		{5B3ADB73-6D18-43E9-A3B3-0FC779DE7265}.Release|Any CPU.ActiveCfg = Release|Any CPU
		{5B3ADB73-6D18-43E9-A3B3-0FC779DE7265}.Release|Any CPU.Build.0 = Release|Any CPU
		{903577B4-E821-4BEF-8C91-355620B03FEA}.Debug|Any CPU.ActiveCfg = Debug|Any CPU
		{903577B4-E821-4BEF-8C91-355620B03FEA}.Debug|Any CPU.Build.0 = Debug|Any CPU
		{903577B4-E821-4BEF-8C91-355620B03FEA}.Release|Any CPU.ActiveCfg = Release|Any CPU
		{903577B4-E821-4BEF-8C91-355620B03FEA}.Release|Any CPU.Build.0 = Release|Any CPU
		{B3718FF5-60CD-4685-B306-D6ABD738FFCE}.Debug|Any CPU.ActiveCfg = Debug|Any CPU
		{B3718FF5-60CD-4685-B306-D6ABD738FFCE}.Debug|Any CPU.Build.0 = Debug|Any CPU
		{B3718FF5-60CD-4685-B306-D6ABD738FFCE}.Release|Any CPU.ActiveCfg = Release|Any CPU
		{B3718FF5-60CD-4685-B306-D6ABD738FFCE}.Release|Any CPU.Build.0 = Release|Any CPU
		{7158AE35-E494-4B4B-8829-DD6ADBF19D16}.Debug|Any CPU.ActiveCfg = Debug|Any CPU
		{7158AE35-E494-4B4B-8829-DD6ADBF19D16}.Debug|Any CPU.Build.0 = Debug|Any CPU
		{7158AE35-E494-4B4B-8829-DD6ADBF19D16}.Release|Any CPU.ActiveCfg = Release|Any CPU
		{7158AE35-E494-4B4B-8829-DD6ADBF19D16}.Release|Any CPU.Build.0 = Release|Any CPU
		{1CD42F98-E052-499C-A2A6-5EC889D30499}.Debug|Any CPU.ActiveCfg = Debug|Any CPU
		{1CD42F98-E052-499C-A2A6-5EC889D30499}.Debug|Any CPU.Build.0 = Debug|Any CPU
		{1CD42F98-E052-499C-A2A6-5EC889D30499}.Release|Any CPU.ActiveCfg = Release|Any CPU
		{1CD42F98-E052-499C-A2A6-5EC889D30499}.Release|Any CPU.Build.0 = Release|Any CPU
		{1D25EA04-A184-4A89-9D9D-4E084F9153D1}.Debug|Any CPU.ActiveCfg = Debug|Any CPU
		{1D25EA04-A184-4A89-9D9D-4E084F9153D1}.Debug|Any CPU.Build.0 = Debug|Any CPU
		{1D25EA04-A184-4A89-9D9D-4E084F9153D1}.Release|Any CPU.ActiveCfg = Release|Any CPU
		{1D25EA04-A184-4A89-9D9D-4E084F9153D1}.Release|Any CPU.Build.0 = Release|Any CPU
		{09ACA8EF-E70C-47A9-8E0B-797093783DA4}.Debug|Any CPU.ActiveCfg = Debug|Any CPU
		{09ACA8EF-E70C-47A9-8E0B-797093783DA4}.Debug|Any CPU.Build.0 = Debug|Any CPU
		{09ACA8EF-E70C-47A9-8E0B-797093783DA4}.Release|Any CPU.ActiveCfg = Release|Any CPU
		{09ACA8EF-E70C-47A9-8E0B-797093783DA4}.Release|Any CPU.Build.0 = Release|Any CPU
		{06522A5A-F6DC-4AE0-8D8A-6ACED4B4E541}.Debug|Any CPU.ActiveCfg = Debug|Any CPU
		{06522A5A-F6DC-4AE0-8D8A-6ACED4B4E541}.Debug|Any CPU.Build.0 = Debug|Any CPU
		{06522A5A-F6DC-4AE0-8D8A-6ACED4B4E541}.Release|Any CPU.ActiveCfg = Release|Any CPU
		{06522A5A-F6DC-4AE0-8D8A-6ACED4B4E541}.Release|Any CPU.Build.0 = Release|Any CPU
	EndGlobalSection
	GlobalSection(SolutionProperties) = preSolution
		HideSolutionNode = FALSE
	EndGlobalSection
	GlobalSection(NestedProjects) = preSolution
		{A74F2B4C-D3D5-4160-A9EE-54A252076EC5} = {23D29061-28C0-4BA0-AB8D-CEAA1A749DA1}
		{1D9EA038-38A7-4D1B-8299-5E5D812F9021} = {23D29061-28C0-4BA0-AB8D-CEAA1A749DA1}
		{911C2C26-FCB7-494D-9112-B743CCCB2560} = {23D29061-28C0-4BA0-AB8D-CEAA1A749DA1}
		{83CD35ED-95E9-4A49-9007-99CAD49ADD95} = {1D9EA038-38A7-4D1B-8299-5E5D812F9021}
		{5B3ADB73-6D18-43E9-A3B3-0FC779DE7265} = {83CD35ED-95E9-4A49-9007-99CAD49ADD95}
		{657FE758-7678-4473-BD7F-F30826555C4F} = {911C2C26-FCB7-494D-9112-B743CCCB2560}
		{903577B4-E821-4BEF-8C91-355620B03FEA} = {657FE758-7678-4473-BD7F-F30826555C4F}
		{8BC5E63B-C95F-4C6A-81FC-8A7D7FB24187} = {A74F2B4C-D3D5-4160-A9EE-54A252076EC5}
		{B3718FF5-60CD-4685-B306-D6ABD738FFCE} = {8BC5E63B-C95F-4C6A-81FC-8A7D7FB24187}
		{5903D18A-5D6B-4CA4-AE04-3B2B8F3F33E5} = {1D9EA038-38A7-4D1B-8299-5E5D812F9021}
		{3146B470-BA58-4B0E-B22C-CF80BD43201D} = {1D9EA038-38A7-4D1B-8299-5E5D812F9021}
		{49E6B031-5E8F-4F70-9BAE-4D2EC25D1D2A} = {1D9EA038-38A7-4D1B-8299-5E5D812F9021}
		{7D4556FF-9F13-4892-8E9B-82269379A133} = {1D9EA038-38A7-4D1B-8299-5E5D812F9021}
		{F16AB71C-79AA-48B3-A407-521861586FD8} = {1D9EA038-38A7-4D1B-8299-5E5D812F9021}
		{7158AE35-E494-4B4B-8829-DD6ADBF19D16} = {5903D18A-5D6B-4CA4-AE04-3B2B8F3F33E5}
		{1CD42F98-E052-499C-A2A6-5EC889D30499} = {3146B470-BA58-4B0E-B22C-CF80BD43201D}
		{1D25EA04-A184-4A89-9D9D-4E084F9153D1} = {49E6B031-5E8F-4F70-9BAE-4D2EC25D1D2A}
		{09ACA8EF-E70C-47A9-8E0B-797093783DA4} = {7D4556FF-9F13-4892-8E9B-82269379A133}
		{06522A5A-F6DC-4AE0-8D8A-6ACED4B4E541} = {F16AB71C-79AA-48B3-A407-521861586FD8}
	EndGlobalSection
	GlobalSection(ExtensibilityGlobals) = postSolution
		SolutionGuid = {0BDADCEB-9632-43F3-8094-6391644267FD}
	EndGlobalSection
EndGlobal
